
Microsoft Visual Studio Solution File, Format Version 12.00
# Visual Studio Version 17
VisualStudioVersion = 17.14.36414.22 d17.14
MinimumVisualStudioVersion = 10.0.40219.1
Project("{FAE04EC0-301F-11D3-BF4B-00C04F79EFBC}") = "LLab13", "LLab13\LLab13.csproj", "{BB63992B-A40D-4013-8212-739FB8AEDD9E}"
EndProject
Global
	GlobalSection(SolutionConfigurationPlatforms) = preSolution
		Debug|Any CPU = Debug|Any CPU
		Release|Any CPU = Release|Any CPU
	EndGlobalSection
	GlobalSection(ProjectConfigurationPlatforms) = postSolution
		{BB63992B-A40D-4013-8212-739FB8AEDD9E}.Debug|Any CPU.ActiveCfg = Debug|Any CPU
		{BB63992B-A40D-4013-8212-739FB8AEDD9E}.Debug|Any CPU.Build.0 = Debug|Any CPU
		{BB63992B-A40D-4013-8212-739FB8AEDD9E}.Release|Any CPU.ActiveCfg = Release|Any CPU
		{BB63992B-A40D-4013-8212-739FB8AEDD9E}.Release|Any CPU.Build.0 = Release|Any CPU
	EndGlobalSection
	GlobalSection(SolutionProperties) = preSolution
		HideSolutionNode = FALSE
	EndGlobalSection
	GlobalSection(ExtensibilityGlobals) = postSolution
		SolutionGuid = {31F2B25C-6637-49F5-8D22-5C56E1BB9F96}
	EndGlobalSection
EndGlobal
